
Microsoft Visual Studio Solution File, Format Version 12.00
# Visual Studio Version 16
VisualStudioVersion = 16.0.29215.179
MinimumVisualStudioVersion = 10.0.40219.1
Project("{FAE04EC0-301F-11D3-BF4B-00C04F79EFBC}") = "ZabbixMW", "ZabbixMW.csproj", "{9935ACAE-0ED1-4DCE-95B0-73EC67798B91}"
EndProject
Global
	GlobalSection(SolutionConfigurationPlatforms) = preSolution
		Debug|Any CPU = Debug|Any CPU
		Release|Any CPU = Release|Any CPU
	EndGlobalSection
	GlobalSection(ProjectConfigurationPlatforms) = postSolution
		{9935ACAE-0ED1-4DCE-95B0-73EC67798B91}.Debug|Any CPU.ActiveCfg = Debug|Any CPU
		{9935ACAE-0ED1-4DCE-95B0-73EC67798B91}.Debug|Any CPU.Build.0 = Debug|Any CPU
		{9935ACAE-0ED1-4DCE-95B0-73EC67798B91}.Release|Any CPU.ActiveCfg = Release|Any CPU
		{9935ACAE-0ED1-4DCE-95B0-73EC67798B91}.Release|Any CPU.Build.0 = Release|Any CPU
	EndGlobalSection
	GlobalSection(SolutionProperties) = preSolution
		HideSolutionNode = FALSE
	EndGlobalSection
	GlobalSection(ExtensibilityGlobals) = postSolution
		SolutionGuid = {211467C1-E80A-43E0-9869-16ADE7D26129}
	EndGlobalSection
EndGlobal
